
Microsoft Visual Studio Solution File, Format Version 12.00
# Visual Studio Version 17
VisualStudioVersion = 17.8.34322.80
MinimumVisualStudioVersion = 10.0.40219.1
Project("{FAE04EC0-301F-11D3-BF4B-00C04F79EFBC}") = "rdp_products_pictures", "rdp_products_pictures\rdp_products_pictures.csproj", "{8F888C80-164D-4CE5-B736-A6DB0D06C3BA}"
EndProject
Global
	GlobalSection(SolutionConfigurationPlatforms) = preSolution
		Debug|Any CPU = Debug|Any CPU
		Release|Any CPU = Release|Any CPU
	EndGlobalSection
	GlobalSection(ProjectConfigurationPlatforms) = postSolution
		{8F888C80-164D-4CE5-B736-A6DB0D06C3BA}.Debug|Any CPU.ActiveCfg = Debug|Any CPU
		{8F888C80-164D-4CE5-B736-A6DB0D06C3BA}.Debug|Any CPU.Build.0 = Debug|Any CPU
		{8F888C80-164D-4CE5-B736-A6DB0D06C3BA}.Release|Any CPU.ActiveCfg = Release|Any CPU
		{8F888C80-164D-4CE5-B736-A6DB0D06C3BA}.Release|Any CPU.Build.0 = Release|Any CPU
	EndGlobalSection
	GlobalSection(SolutionProperties) = preSolution
		HideSolutionNode = FALSE
	EndGlobalSection
	GlobalSection(ExtensibilityGlobals) = postSolution
		SolutionGuid = {08B45D1C-F04B-434C-83D9-4BA0889F2825}
	EndGlobalSection
EndGlobal
